
Microsoft Visual Studio Solution File, Format Version 12.00
# Visual Studio Version 16
VisualStudioVersion = 16.0.31729.503
MinimumVisualStudioVersion = 10.0.40219.1
Project("{FAE04EC0-301F-11D3-BF4B-00C04F79EFBC}") = "Lyn", "Lyn.csproj", "{2E913DD3-A2CE-4506-AFEC-8505214519B3}"
EndProject
Global
	GlobalSection(SolutionConfigurationPlatforms) = preSolution
		Debug|Any CPU = Debug|Any CPU
		Release|Any CPU = Release|Any CPU
	EndGlobalSection
	GlobalSection(ProjectConfigurationPlatforms) = postSolution
		{2E913DD3-A2CE-4506-AFEC-8505214519B3}.Debug|Any CPU.ActiveCfg = Debug|Any CPU
		{2E913DD3-A2CE-4506-AFEC-8505214519B3}.Debug|Any CPU.Build.0 = Debug|Any CPU
		{2E913DD3-A2CE-4506-AFEC-8505214519B3}.Release|Any CPU.ActiveCfg = Release|Any CPU
		{2E913DD3-A2CE-4506-AFEC-8505214519B3}.Release|Any CPU.Build.0 = Release|Any CPU
	EndGlobalSection
	GlobalSection(SolutionProperties) = preSolution
		HideSolutionNode = FALSE
	EndGlobalSection
	GlobalSection(ExtensibilityGlobals) = postSolution
		SolutionGuid = {7C03CE23-1141-4717-8724-8FC67919E669}
	EndGlobalSection
EndGlobal
